// !$*UTF8*$!
{
	archiveVersion = 1;
	classes = {
	};
	objectVersion = 77;
	objects = {

/* Begin PBXContainerItemProxy section */
		1B1666A02F8AED5C00B96029 /* PBXContainerItemProxy */ = {
			isa = PBXContainerItemProxy;
			containerPortal = 1B16668A2F8AED5B00B96029 /* Project object */;
			proxyType = 1;
			remoteGlobalIDString = 1B1666912F8AED5B00B96029;
			remoteInfo = SwiftUI_Mysticbook;
		};
		1B1666AA2F8AED5C00B96029 /* PBXContainerItemProxy */ = {
			isa = PBXContainerItemProxy;
			containerPortal = 1B16668A2F8AED5B00B96029 /* Project object */;
			proxyType = 1;
			remoteGlobalIDString = 1B1666912F8AED5B00B96029;
			remoteInfo = SwiftUI_Mysticbook;
		};
/* End PBXContainerItemProxy section */

/* Begin PBXFileReference section */
		1B1666922F8AED5B00B96029 /* SwiftUI_Mysticbook.app */ = {isa = PBXFileReference; explicitFileType = wrapper.application; includeInIndex = 0; path = SwiftUI_Mysticbook.app; sourceTree = BUILT_PRODUCTS_DIR; };
		1B16669F2F8AED5C00B96029 /* SwiftUI_MysticbookTests.xctest */ = {isa = PBXFileReference; explicitFileType = wrapper.cfbundle; includeInIndex = 0; path = SwiftUI_MysticbookTests.xctest; sourceTree = BUILT_PRODUCTS_DIR; };
		1B1666A92F8AED5C00B96029 /* SwiftUI_MysticbookUITests.xctest */ = {isa = PBXFileReference; explicitFileType = wrapper.cfbundle; includeInIndex = 0; path = SwiftUI_MysticbookUITests.xctest; sourceTree = BUILT_PRODUCTS_DIR; };
/* End PBXFileReference section */

/* Begin PBXFileSystemSynchronizedRootGroup section */
		1B1666942F8AED5B00B96029 /* SwiftUI_Mysticbook */ = {
			isa = PBXFileSystemSynchronizedRootGroup;
			path = SwiftUI_Mysticbook;
			sourceTree = "<group>";
		};
		1B1666A22F8AED5C00B96029 /* SwiftUI_MysticbookTests */ = {
			isa = PBXFileSystemSynchronizedRootGroup;
			path = SwiftUI_MysticbookTests;
			sourceTree = "<group>";
		};
		1B1666AC2F8AED5C00B96029 /* SwiftUI_MysticbookUITests */ = {
			isa = PBXFileSystemSynchronizedRootGroup;
			path = SwiftUI_MysticbookUITests;
			sourceTree = "<group>";
		};
/* End PBXFileSystemSynchronizedRootGroup section */

/* Begin PBXFrameworksBuildPhase section */
		1B16668F2F8AED5B00B96029 /* Frameworks */ = {
			isa = PBXFrameworksBuildPhase;
			buildActionMask = 2147483647;
			files = (
			);
			runOnlyForDeploymentPostprocessing = 0;
		};
		1B16669C2F8AED5C00B96029 /* Frameworks */ = {
			isa = PBXFrameworksBuildPhase;
			buildActionMask = 2147483647;
			files = (
			);
			runOnlyForDeploymentPostprocessing = 0;
		};
		1B1666A62F8AED5C00B96029 /* Frameworks */ = {
			isa = PBXFrameworksBuildPhase;
			buildActionMask = 2147483647;
			files = (
			);
			runOnlyForDeploymentPostprocessing = 0;
		};
/* End PBXFrameworksBuildPhase section */

/* Begin PBXGroup section */
		1B1666892F8AED5B00B96029 = {
			isa = PBXGroup;
			children = (
				1B1666942F8AED5B00B96029 /* SwiftUI_Mysticbook */,
				1B1666A22F8AED5C00B96029 /* SwiftUI_MysticbookTests */,
				1B1666AC2F8AED5C00B96029 /* SwiftUI_MysticbookUITests */,
				1B1666932F8AED5B00B96029 /* Products */,
			);
			sourceTree = "<group>";
		};
		1B1666932F8AED5B00B96029 /* Products */ = {
			isa = PBXGroup;
			children = (
				1B1666922F8AED5B00B96029 /* SwiftUI_Mysticbook.app */,
				1B16669F2F8AED5C00B96029 /* SwiftUI_MysticbookTests.xctest */,
				1B1666A92F8AED5C00B96029 /* SwiftUI_MysticbookUITests.xctest */,
			);
			name = Products;
			sourceTree = "<group>";
		};
/* End PBXGroup section */

/* Begin PBXNativeTarget section */
		1B1666912F8AED5B00B96029 /* SwiftUI_Mysticbook */ = {
			isa = PBXNativeTarget;
			buildConfigurationList = 1B1666B32F8AED5C00B96029 /* Build configuration list for PBXNativeTarget "SwiftUI_Mysticbook" */;
			buildPhases = (
				1B16668E2F8AED5B00B96029 /* Sources */,
				1B16668F2F8AED5B00B96029 /* Frameworks */,
				1B1666902F8AED5B00B96029 /* Resources */,
			);
			buildRules = (
			);
			dependencies = (
			);
			fileSystemSynchronizedGroups = (
				1B1666942F8AED5B00B96029 /* SwiftUI_Mysticbook */,
			);
			name = SwiftUI_Mysticbook;
			packageProductDependencies = (
			);
			productName = SwiftUI_Mysticbook;
			productReference = 1B1666922F8AED5B00B96029 /* SwiftUI_Mysticbook.app */;
			productType = "com.apple.product-type.application";
		};
		1B16669E2F8AED5C00B96029 /* SwiftUI_MysticbookTests */ = {
			isa = PBXNativeTarget;
			buildConfigurationList = 1B1666B62F8AED5C00B96029 /* Build configuration list for PBXNativeTarget "SwiftUI_MysticbookTests" */;
			buildPhases = (
				1B16669B2F8AED5C00B96029 /* Sources */,
				1B16669C2F8AED5C00B96029 /* Frameworks */,
				1B16669D2F8AED5C00B96029 /* Resources */,
			);
			buildRules = (
			);
			dependencies = (
				1B1666A12F8AED5C00B96029 /* PBXTargetDependency */,
			);
			fileSystemSynchronizedGroups = (
				1B1666A22F8AED5C00B96029 /* SwiftUI_MysticbookTests */,
			);
			name = SwiftUI_MysticbookTests;
			packageProductDependencies = (
			);
			productName = SwiftUI_MysticbookTests;
			productReference = 1B16669F2F8AED5C00B96029 /* SwiftUI_MysticbookTests.xctest */;
			productType = "com.apple.product-type.bundle.unit-test";
		};
		1B1666A82F8AED5C00B96029 /* SwiftUI_MysticbookUITests */ = {
			isa = PBXNativeTarget;
			buildConfigurationList = 1B1666B92F8AED5C00B96029 /* Build configuration list for PBXNativeTarget "SwiftUI_MysticbookUITests" */;
			buildPhases = (
				1B1666A52F8AED5C00B96029 /* Sources */,
				1B1666A62F8AED5C00B96029 /* Frameworks */,
				1B1666A72F8AED5C00B96029 /* Resources */,
			);
			buildRules = (
			);
			dependencies = (
				1B1666AB2F8AED5C00B96029 /* PBXTargetDependency */,
			);
			fileSystemSynchronizedGroups = (
				1B1666AC2F8AED5C00B96029 /* SwiftUI_MysticbookUITests */,
			);
			name = SwiftUI_MysticbookUITests;
			packageProductDependencies = (
			);
			productName = SwiftUI_MysticbookUITests;
			productReference = 1B1666A92F8AED5C00B96029 /* SwiftUI_MysticbookUITests.xctest */;
			productType = "com.apple.product-type.bundle.ui-testing";
		};
/* End PBXNativeTarget section */

/* Begin PBXProject section */
		1B16668A2F8AED5B00B96029 /* Project object */ = {
			isa = PBXProject;
			attributes = {
				BuildIndependentTargetsInParallel = 1;
				LastSwiftUpdateCheck = 2630;
				LastUpgradeCheck = 2630;
				TargetAttributes = {
					1B1666912F8AED5B00B96029 = {
						CreatedOnToolsVersion = 26.3;
					};
					1B16669E2F8AED5C00B96029 = {
						CreatedOnToolsVersion = 26.3;
						TestTargetID = 1B1666912F8AED5B00B96029;
					};
					1B1666A82F8AED5C00B96029 = {
						CreatedOnToolsVersion = 26.3;
						TestTargetID = 1B1666912F8AED5B00B96029;
					};
				};
			};
			buildConfigurationList = 1B16668D2F8AED5B00B96029 /* Build configuration list for PBXProject "SwiftUI_Mysticbook" */;
			developmentRegion = en;
			hasScannedForEncodings = 0;
			knownRegions = (
				en,
				Base,
			);
			mainGroup = 1B1666892F8AED5B00B96029;
			minimizedProjectReferenceProxies = 1;
			preferredProjectObjectVersion = 77;
			productRefGroup = 1B1666932F8AED5B00B96029 /* Products */;
			projectDirPath = "";
			projectRoot = "";
			targets = (
				1B1666912F8AED5B00B96029 /* SwiftUI_Mysticbook */,
				1B16669E2F8AED5C00B96029 /* SwiftUI_MysticbookTests */,
				1B1666A82F8AED5C00B96029 /* SwiftUI_MysticbookUITests */,
			);
		};
/* End PBXProject section */

/* Begin PBXResourcesBuildPhase section */
		1B1666902F8AED5B00B96029 /* Resources */ = {
			isa = PBXResourcesBuildPhase;
			buildActionMask = 2147483647;
			files = (
			);
			runOnlyForDeploymentPostprocessing = 0;
		};
		1B16669D2F8AED5C00B96029 /* Resources */ = {
			isa = PBXResourcesBuildPhase;
			buildActionMask = 2147483647;
			files = (
			);
			runOnlyForDeploymentPostprocessing = 0;
		};
		1B1666A72F8AED5C00B96029 /* Resources */ = {
			isa = PBXResourcesBuildPhase;
			buildActionMask = 2147483647;
			files = (
			);
			runOnlyForDeploymentPostprocessing = 0;
		};
/* End PBXResourcesBuildPhase section */

/* Begin PBXSourcesBuildPhase section */
		1B16668E2F8AED5B00B96029 /* Sources */ = {
			isa = PBXSourcesBuildPhase;
			buildActionMask = 2147483647;
			files = (
			);
			runOnlyForDeploymentPostprocessing = 0;
		};
		1B16669B2F8AED5C00B96029 /* Sources */ = {
			isa = PBXSourcesBuildPhase;
			buildActionMask = 2147483647;
			files = (
			);
			runOnlyForDeploymentPostprocessing = 0;
		};
		1B1666A52F8AED5C00B96029 /* Sources */ = {
			isa = PBXSourcesBuildPhase;
			buildActionMask = 2147483647;
			files = (
			);
			runOnlyForDeploymentPostprocessing = 0;
		};
/* End PBXSourcesBuildPhase section */

/* Begin PBXTargetDependency section */
		1B1666A12F8AED5C00B96029 /* PBXTargetDependency */ = {
			isa = PBXTargetDependency;
			target = 1B1666912F8AED5B00B96029 /* SwiftUI_Mysticbook */;
			targetProxy = 1B1666A02F8AED5C00B96029 /* PBXContainerItemProxy */;
		};
		1B1666AB2F8AED5C00B96029 /* PBXTargetDependency */ = {
			isa = PBXTargetDependency;
			target = 1B1666912F8AED5B00B96029 /* SwiftUI_Mysticbook */;
			targetProxy = 1B1666AA2F8AED5C00B96029 /* PBXContainerItemProxy */;
		};
/* End PBXTargetDependency section */

/* Begin XCBuildConfiguration section */
		1B1666B12F8AED5C00B96029 /* Debug */ = {
			isa = XCBuildConfiguration;
			buildSettings = {
				ALWAYS_SEARCH_USER_PATHS = NO;
				ASSETCATALOG_COMPILER_GENERATE_SWIFT_ASSET_SYMBOL_EXTENSIONS = YES;
				CLANG_ANALYZER_NONNULL = YES;
				CLANG_ANALYZER_NUMBER_OBJECT_CONVERSION = YES_AGGRESSIVE;
				CLANG_CXX_LANGUAGE_STANDARD = "gnu++20";
				CLANG_ENABLE_MODULES = YES;
				CLANG_ENABLE_OBJC_ARC = YES;
				CLANG_ENABLE_OBJC_WEAK = YES;
				CLANG_WARN_BLOCK_CAPTURE_AUTORELEASING = YES;
				CLANG_WARN_BOOL_CONVERSION = YES;
				CLANG_WARN_COMMA = YES;
				CLANG_WARN_CONSTANT_CONVERSION = YES;
				CLANG_WARN_DEPRECATED_OBJC_IMPLEMENTATIONS = YES;
				CLANG_WARN_DIRECT_OBJC_ISA_USAGE = YES_ERROR;
				CLANG_WARN_DOCUMENTATION_COMMENTS = YES;
				CLANG_WARN_EMPTY_BODY = YES;
				CLANG_WARN_ENUM_CONVERSION = YES;
				CLANG_WARN_INFINITE_RECURSION = YES;
				CLANG_WARN_INT_CONVERSION = YES;
				CLANG_WARN_NON_LITERAL_NULL_CONVERSION = YES;
				CLANG_WARN_OBJC_IMPLICIT_RETAIN_SELF = YES;
				CLANG_WARN_OBJC_LITERAL_CONVERSION = YES;
				CLANG_WARN_OBJC_ROOT_CLASS = YES_ERROR;
				CLANG_WARN_QUOTED_INCLUDE_IN_FRAMEWORK_HEADER = YES;
				CLANG_WARN_RANGE_LOOP_ANALYSIS = YES;
				CLANG_WARN_STRICT_PROTOTYPES = YES;
				CLANG_WARN_SUSPICIOUS_MOVE = YES;
				CLANG_WARN_UNGUARDED_AVAILABILITY = YES_AGGRESSIVE;
				CLANG_WARN_UNREACHABLE_CODE = YES;
				CLANG_WARN__DUPLICATE_METHOD_MATCH = YES;
				COPY_PHASE_STRIP = NO;
				DEBUG_INFORMATION_FORMAT = dwarf;
				ENABLE_STRICT_OBJC_MSGSEND = YES;
				ENABLE_TESTABILITY = YES;
				ENABLE_USER_SCRIPT_SANDBOXING = YES;
				GCC_C_LANGUAGE_STANDARD = gnu17;
				GCC_DYNAMIC_NO_PIC = NO;
				GCC_NO_COMMON_BLOCKS = YES;
				GCC_OPTIMIZATION_LEVEL = 0;
				GCC_PREPROCESSOR_DEFINITIONS = (
					"DEBUG=1",
					"$(inherited)",
				);
				GCC_WARN_64_TO_32_BIT_CONVERSION = YES;
				GCC_WARN_ABOUT_RETURN_TYPE = YES_ERROR;
				GCC_WARN_UNDECLARED_SELECTOR = YES;
				GCC_WARN_UNINITIALIZED_AUTOS = YES_AGGRESSIVE;
				GCC_WARN_UNUSED_FUNCTION = YES;
				GCC_WARN_UNUSED_VARIABLE = YES;
				LOCALIZATION_PREFERS_STRING_CATALOGS = YES;
				MACOSX_DEPLOYMENT_TARGET = 26.2;
				MTL_ENABLE_DEBUG_INFO = INCLUDE_SOURCE;
				MTL_FAST_MATH = YES;
				ONLY_ACTIVE_ARCH = YES;
				SDKROOT = macosx;
				SWIFT_ACTIVE_COMPILATION_CONDITIONS = "DEBUG $(inherited)";
				SWIFT_OPTIMIZATION_LEVEL = "-Onone";
			};
			name = Debug;
		};
		1B1666B22F8AED5C00B96029 /* Release */ = {
			isa = XCBuildConfiguration;
			buildSettings = {
				ALWAYS_SEARCH_USER_PATHS = NO;
				ASSETCATALOG_COMPILER_GENERATE_SWIFT_ASSET_SYMBOL_EXTENSIONS = YES;
				CLANG_ANALYZER_NONNULL = YES;
				CLANG_ANALYZER_NUMBER_OBJECT_CONVERSION = YES_AGGRESSIVE;
				CLANG_CXX_LANGUAGE_STANDARD = "gnu++20";
				CLANG_ENABLE_MODULES = YES;
				CLANG_ENABLE_OBJC_ARC = YES;
				CLANG_ENABLE_OBJC_WEAK = YES;
				CLANG_WARN_BLOCK_CAPTURE_AUTORELEASING = YES;
				CLANG_WARN_BOOL_CONVERSION = YES;
				CLANG_WARN_COMMA = YES;
				CLANG_WARN_CONSTANT_CONVERSION = YES;
				CLANG_WARN_DEPRECATED_OBJC_IMPLEMENTATIONS = YES;
				CLANG_WARN_DIRECT_OBJC_ISA_USAGE = YES_ERROR;
				CLANG_WARN_DOCUMENTATION_COMMENTS = YES;
				CLANG_WARN_EMPTY_BODY = YES;
				CLANG_WARN_ENUM_CONVERSION = YES;
				CLANG_WARN_INFINITE_RECURSION = YES;
				CLANG_WARN_INT_CONVERSION = YES;
				CLANG_WARN_NON_LITERAL_NULL_CONVERSION = YES;
				CLANG_WARN_OBJC_IMPLICIT_RETAIN_SELF = YES;
				CLANG_WARN_OBJC_LITERAL_CONVERSION = YES;
				CLANG_WARN_OBJC_ROOT_CLASS = YES_ERROR;
				CLANG_WARN_QUOTED_INCLUDE_IN_FRAMEWORK_HEADER = YES;
				CLANG_WARN_RANGE_LOOP_ANALYSIS = YES;
				CLANG_WARN_STRICT_PROTOTYPES = YES;
				CLANG_WARN_SUSPICIOUS_MOVE = YES;
				CLANG_WARN_UNGUARDED_AVAILABILITY = YES_AGGRESSIVE;
				CLANG_WARN_UNREACHABLE_CODE = YES;
				CLANG_WARN__DUPLICATE_METHOD_MATCH = YES;
				COPY_PHASE_STRIP = NO;
				DEBUG_INFORMATION_FORMAT = "dwarf-with-dsym";
				ENABLE_NS_ASSERTIONS = NO;
				ENABLE_STRICT_OBJC_MSGSEND = YES;
				ENABLE_USER_SCRIPT_SANDBOXING = YES;
				GCC_C_LANGUAGE_STANDARD = gnu17;
				GCC_NO_COMMON_BLOCKS = YES;
				GCC_WARN_64_TO_32_BIT_CONVERSION = YES;
				GCC_WARN_ABOUT_RETURN_TYPE = YES_ERROR;
				GCC_WARN_UNDECLARED_SELECTOR = YES;
				GCC_WARN_UNINITIALIZED_AUTOS = YES_AGGRESSIVE;
				GCC_WARN_UNUSED_FUNCTION = YES;
				GCC_WARN_UNUSED_VARIABLE = YES;
				LOCALIZATION_PREFERS_STRING_CATALOGS = YES;
				MACOSX_DEPLOYMENT_TARGET = 26.2;
				MTL_ENABLE_DEBUG_INFO = NO;
				MTL_FAST_MATH = YES;
				SDKROOT = macosx;
				SWIFT_COMPILATION_MODE = wholemodule;
			};
			name = Release;
		};
		1B1666B42F8AED5C00B96029 /* Debug */ = {
			isa = XCBuildConfiguration;
			buildSettings = {
				ASSETCATALOG_COMPILER_APPICON_NAME = AppIcon;
				ASSETCATALOG_COMPILER_GLOBAL_ACCENT_COLOR_NAME = AccentColor;
				"CODE_SIGN_IDENTITY[sdk=macosx*]" = "-";
				CODE_SIGN_STYLE = Automatic;
				COMBINE_HIDPI_IMAGES = YES;
				CURRENT_PROJECT_VERSION = 1;
				ENABLE_APP_SANDBOX = NO;
				ENABLE_PREVIEWS = YES;
				GENERATE_INFOPLIST_FILE = YES;
				INFOPLIST_KEY_NSHumanReadableCopyright = "";
				LD_RUNPATH_SEARCH_PATHS = (
					"$(inherited)",
					"@executable_path/../Frameworks",
				);
				MARKETING_VERSION = 1.0;
				PRODUCT_BUNDLE_IDENTIFIER = "andylabs.SwiftUI-Mysticbook";
				PRODUCT_NAME = "$(TARGET_NAME)";
				REGISTER_APP_GROUPS = YES;
				STRING_CATALOG_GENERATE_SYMBOLS = YES;
				SWIFT_APPROACHABLE_CONCURRENCY = YES;
				SWIFT_DEFAULT_ACTOR_ISOLATION = MainActor;
				SWIFT_EMIT_LOC_STRINGS = YES;
				SWIFT_UPCOMING_FEATURE_MEMBER_IMPORT_VISIBILITY = YES;
				SWIFT_VERSION = 5.0;
			};
			name = Debug;
		};
		1B1666B52F8AED5C00B96029 /* Release */ = {
			isa = XCBuildConfiguration;
			buildSettings = {
				ASSETCATALOG_COMPILER_APPICON_NAME = AppIcon;
				ASSETCATALOG_COMPILER_GLOBAL_ACCENT_COLOR_NAME = AccentColor;
				"CODE_SIGN_IDENTITY[sdk=macosx*]" = "-";
				CODE_SIGN_STYLE = Automatic;
				COMBINE_HIDPI_IMAGES = YES;
				CURRENT_PROJECT_VERSION = 1;
				ENABLE_APP_SANDBOX = NO;
				ENABLE_PREVIEWS = YES;
				GENERATE_INFOPLIST_FILE = YES;
				INFOPLIST_KEY_NSHumanReadableCopyright = "";
				LD_RUNPATH_SEARCH_PATHS = (
					"$(inherited)",
					"@executable_path/../Frameworks",
				);
				MARKETING_VERSION = 1.0;
				PRODUCT_BUNDLE_IDENTIFIER = "andylabs.SwiftUI-Mysticbook";
				PRODUCT_NAME = "$(TARGET_NAME)";
				REGISTER_APP_GROUPS = YES;
				STRING_CATALOG_GENERATE_SYMBOLS = YES;
				SWIFT_APPROACHABLE_CONCURRENCY = YES;
				SWIFT_DEFAULT_ACTOR_ISOLATION = MainActor;
				SWIFT_EMIT_LOC_STRINGS = YES;
				SWIFT_UPCOMING_FEATURE_MEMBER_IMPORT_VISIBILITY = YES;
				SWIFT_VERSION = 5.0;
			};
			name = Release;
		};
		1B1666B72F8AED5C00B96029 /* Debug */ = {
			isa = XCBuildConfiguration;
			buildSettings = {
				BUNDLE_LOADER = "$(TEST_HOST)";
				CODE_SIGN_STYLE = Automatic;
				CURRENT_PROJECT_VERSION = 1;
				GENERATE_INFOPLIST_FILE = YES;
				MACOSX_DEPLOYMENT_TARGET = 26.2;
				MARKETING_VERSION = 1.0;
				PRODUCT_BUNDLE_IDENTIFIER = "andylabs.SwiftUI-MysticbookTests";
				PRODUCT_NAME = "$(TARGET_NAME)";
				STRING_CATALOG_GENERATE_SYMBOLS = NO;
				SWIFT_APPROACHABLE_CONCURRENCY = YES;
				SWIFT_EMIT_LOC_STRINGS = NO;
				SWIFT_UPCOMING_FEATURE_MEMBER_IMPORT_VISIBILITY = YES;
				SWIFT_VERSION = 5.0;
				TEST_HOST = "$(BUILT_PRODUCTS_DIR)/SwiftUI_Mysticbook.app/$(BUNDLE_EXECUTABLE_FOLDER_PATH)/SwiftUI_Mysticbook";
			};
			name = Debug;
		};
		1B1666B82F8AED5C00B96029 /* Release */ = {
			isa = XCBuildConfiguration;
			buildSettings = {
				BUNDLE_LOADER = "$(TEST_HOST)";
				CODE_SIGN_STYLE = Automatic;
				CURRENT_PROJECT_VERSION = 1;
				GENERATE_INFOPLIST_FILE = YES;
				MACOSX_DEPLOYMENT_TARGET = 26.2;
				MARKETING_VERSION = 1.0;
				PRODUCT_BUNDLE_IDENTIFIER = "andylabs.SwiftUI-MysticbookTests";
				PRODUCT_NAME = "$(TARGET_NAME)";
				STRING_CATALOG_GENERATE_SYMBOLS = NO;
				SWIFT_APPROACHABLE_CONCURRENCY = YES;
				SWIFT_EMIT_LOC_STRINGS = NO;
				SWIFT_UPCOMING_FEATURE_MEMBER_IMPORT_VISIBILITY = YES;
				SWIFT_VERSION = 5.0;
				TEST_HOST = "$(BUILT_PRODUCTS_DIR)/SwiftUI_Mysticbook.app/$(BUNDLE_EXECUTABLE_FOLDER_PATH)/SwiftUI_Mysticbook";
			};
			name = Release;
		};
		1B1666BA2F8AED5C00B96029 /* Debug */ = {
			isa = XCBuildConfiguration;
			buildSettings = {
				CODE_SIGN_STYLE = Automatic;
				CURRENT_PROJECT_VERSION = 1;
				GENERATE_INFOPLIST_FILE = YES;
				MARKETING_VERSION = 1.0;
				PRODUCT_BUNDLE_IDENTIFIER = "andylabs.SwiftUI-MysticbookUITests";
				PRODUCT_NAME = "$(TARGET_NAME)";
				STRING_CATALOG_GENERATE_SYMBOLS = NO;
				SWIFT_APPROACHABLE_CONCURRENCY = YES;
				SWIFT_EMIT_LOC_STRINGS = NO;
				SWIFT_UPCOMING_FEATURE_MEMBER_IMPORT_VISIBILITY = YES;
				SWIFT_VERSION = 5.0;
				TEST_TARGET_NAME = SwiftUI_Mysticbook;
			};
			name = Debug;
		};
		1B1666BB2F8AED5C00B96029 /* Release */ = {
			isa = XCBuildConfiguration;
			buildSettings = {
				CODE_SIGN_STYLE = Automatic;
				CURRENT_PROJECT_VERSION = 1;
				GENERATE_INFOPLIST_FILE = YES;
				MARKETING_VERSION = 1.0;
				PRODUCT_BUNDLE_IDENTIFIER = "andylabs.SwiftUI-MysticbookUITests";
				PRODUCT_NAME = "$(TARGET_NAME)";
				STRING_CATALOG_GENERATE_SYMBOLS = NO;
				SWIFT_APPROACHABLE_CONCURRENCY = YES;
				SWIFT_EMIT_LOC_STRINGS = NO;
				SWIFT_UPCOMING_FEATURE_MEMBER_IMPORT_VISIBILITY = YES;
				SWIFT_VERSION = 5.0;
				TEST_TARGET_NAME = SwiftUI_Mysticbook;
			};
			name = Release;
		};
/* End XCBuildConfiguration section */

/* Begin XCConfigurationList section */
		1B16668D2F8AED5B00B96029 /* Build configuration list for PBXProject "SwiftUI_Mysticbook" */ = {
			isa = XCConfigurationList;
			buildConfigurations = (
				1B1666B12F8AED5C00B96029 /* Debug */,
				1B1666B22F8AED5C00B96029 /* Release */,
			);
			defaultConfigurationIsVisible = 0;
			defaultConfigurationName = Release;
		};
		1B1666B32F8AED5C00B96029 /* Build configuration list for PBXNativeTarget "SwiftUI_Mysticbook" */ = {
			isa = XCConfigurationList;
			buildConfigurations = (
				1B1666B42F8AED5C00B96029 /* Debug */,
				1B1666B52F8AED5C00B96029 /* Release */,
			);
			defaultConfigurationIsVisible = 0;
			defaultConfigurationName = Release;
		};
		1B1666B62F8AED5C00B96029 /* Build configuration list for PBXNativeTarget "SwiftUI_MysticbookTests" */ = {
			isa = XCConfigurationList;
			buildConfigurations = (
				1B1666B72F8AED5C00B96029 /* Debug */,
				1B1666B82F8AED5C00B96029 /* Release */,
			);
			defaultConfigurationIsVisible = 0;
			defaultConfigurationName = Release;
		};
		1B1666B92F8AED5C00B96029 /* Build configuration list for PBXNativeTarget "SwiftUI_MysticbookUITests" */ = {
			isa = XCConfigurationList;
			buildConfigurations = (
				1B1666BA2F8AED5C00B96029 /* Debug */,
				1B1666BB2F8AED5C00B96029 /* Release */,
			);
			defaultConfigurationIsVisible = 0;
			defaultConfigurationName = Release;
		};
/* End XCConfigurationList section */
	};
	rootObject = 1B16668A2F8AED5B00B96029 /* Project object */;
}
